
Microsoft Visual Studio Solution File, Format Version 12.00
# Visual Studio Version 17
VisualStudioVersion = 17.14.36518.9 d17.14
MinimumVisualStudioVersion = 10.0.40219.1
Project("{FAE04EC0-301F-11D3-BF4B-00C04F79EFBC}") = "Tag-and-Track", "Tag-and-Track\Tag-and-Track.csproj", "{915B6211-4A83-4F84-8BB3-48A555EB9A2F}"
EndProject
Global
	GlobalSection(SolutionConfigurationPlatforms) = preSolution
		Debug|Any CPU = Debug|Any CPU
		Release|Any CPU = Release|Any CPU
	EndGlobalSection
	GlobalSection(ProjectConfigurationPlatforms) = postSolution
		{915B6211-4A83-4F84-8BB3-48A555EB9A2F}.Debug|Any CPU.ActiveCfg = Debug|Any CPU
		{915B6211-4A83-4F84-8BB3-48A555EB9A2F}.Debug|Any CPU.Build.0 = Debug|Any CPU
		{915B6211-4A83-4F84-8BB3-48A555EB9A2F}.Release|Any CPU.ActiveCfg = Release|Any CPU
		{915B6211-4A83-4F84-8BB3-48A555EB9A2F}.Release|Any CPU.Build.0 = Release|Any CPU
	EndGlobalSection
	GlobalSection(SolutionProperties) = preSolution
		HideSolutionNode = FALSE
	EndGlobalSection
	GlobalSection(ExtensibilityGlobals) = postSolution
		SolutionGuid = {BC81B003-A860-4554-992F-B258209E4705}
	EndGlobalSection
EndGlobal
