
Microsoft Visual Studio Solution File, Format Version 12.00
# Visual Studio Version 17
VisualStudioVersion = 17.14.36518.9
MinimumVisualStudioVersion = 10.0.40219.1
Project("{FAE04EC0-301F-11D3-BF4B-00C04F79EFBC}") = "TagAndTrack", "TagAndTrack\TagAndTrack.csproj", "{9D013275-1AE1-4922-AE14-3C3060858A99}"
EndProject
Project("{FAE04EC0-301F-11D3-BF4B-00C04F79EFBC}") = "TagAndTrack.Tests", "TagAndTrack.Tests\TagAndTrack.Tests.csproj", "{7B3095D7-5C91-42B1-8364-FFE129237FA6}"
EndProject
Global
	GlobalSection(SolutionConfigurationPlatforms) = preSolution
		Debug|Any CPU = Debug|Any CPU
		Debug|x64 = Debug|x64
		Debug|x86 = Debug|x86
		Release|Any CPU = Release|Any CPU
		Release|x64 = Release|x64
		Release|x86 = Release|x86
	EndGlobalSection
	GlobalSection(ProjectConfigurationPlatforms) = postSolution
		{9D013275-1AE1-4922-AE14-3C3060858A99}.Debug|Any CPU.ActiveCfg = Debug|Any CPU
		{9D013275-1AE1-4922-AE14-3C3060858A99}.Debug|Any CPU.Build.0 = Debug|Any CPU
		{9D013275-1AE1-4922-AE14-3C3060858A99}.Debug|Any CPU.Deploy.0 = Debug|Any CPU
		{9D013275-1AE1-4922-AE14-3C3060858A99}.Debug|x64.ActiveCfg = Debug|Any CPU
		{9D013275-1AE1-4922-AE14-3C3060858A99}.Debug|x64.Build.0 = Debug|Any CPU
		{9D013275-1AE1-4922-AE14-3C3060858A99}.Debug|x86.ActiveCfg = Debug|Any CPU
		{9D013275-1AE1-4922-AE14-3C3060858A99}.Debug|x86.Build.0 = Debug|Any CPU
		{9D013275-1AE1-4922-AE14-3C3060858A99}.Release|Any CPU.ActiveCfg = Release|Any CPU
		{9D013275-1AE1-4922-AE14-3C3060858A99}.Release|Any CPU.Build.0 = Release|Any CPU
		{9D013275-1AE1-4922-AE14-3C3060858A99}.Release|Any CPU.Deploy.0 = Release|Any CPU
		{9D013275-1AE1-4922-AE14-3C3060858A99}.Release|x64.ActiveCfg = Release|Any CPU
		{9D013275-1AE1-4922-AE14-3C3060858A99}.Release|x64.Build.0 = Release|Any CPU
		{9D013275-1AE1-4922-AE14-3C3060858A99}.Release|x86.ActiveCfg = Release|Any CPU
		{9D013275-1AE1-4922-AE14-3C3060858A99}.Release|x86.Build.0 = Release|Any CPU
		{7B3095D7-5C91-42B1-8364-FFE129237FA6}.Debug|Any CPU.ActiveCfg = Debug|Any CPU
		{7B3095D7-5C91-42B1-8364-FFE129237FA6}.Debug|Any CPU.Build.0 = Debug|Any CPU
		{7B3095D7-5C91-42B1-8364-FFE129237FA6}.Debug|x64.ActiveCfg = Debug|Any CPU
		{7B3095D7-5C91-42B1-8364-FFE129237FA6}.Debug|x64.Build.0 = Debug|Any CPU
		{7B3095D7-5C91-42B1-8364-FFE129237FA6}.Debug|x86.ActiveCfg = Debug|Any CPU
		{7B3095D7-5C91-42B1-8364-FFE129237FA6}.Debug|x86.Build.0 = Debug|Any CPU
		{7B3095D7-5C91-42B1-8364-FFE129237FA6}.Release|Any CPU.ActiveCfg = Release|Any CPU
		{7B3095D7-5C91-42B1-8364-FFE129237FA6}.Release|Any CPU.Build.0 = Release|Any CPU
		{7B3095D7-5C91-42B1-8364-FFE129237FA6}.Release|x64.ActiveCfg = Release|Any CPU
		{7B3095D7-5C91-42B1-8364-FFE129237FA6}.Release|x64.Build.0 = Release|Any CPU
		{7B3095D7-5C91-42B1-8364-FFE129237FA6}.Release|x86.ActiveCfg = Release|Any CPU
		{7B3095D7-5C91-42B1-8364-FFE129237FA6}.Release|x86.Build.0 = Release|Any CPU
	EndGlobalSection
	GlobalSection(SolutionProperties) = preSolution
		HideSolutionNode = FALSE
	EndGlobalSection
	GlobalSection(ExtensibilityGlobals) = postSolution
		SolutionGuid = {F6BDC56F-3B3C-45E3-92B9-397809673BB5}
	EndGlobalSection
EndGlobal
